// !$*UTF8*$!
{
	archiveVersion = 1;
	classes = {
	};
	objectVersion = 55;
	objects = {

/* Begin PBXBuildFile section */
		F51257EF289661EF00DBB43B /* TimerApp.swift in Sources */ = {isa = PBXBuildFile; fileRef = F51257EE289661EF00DBB43B /* TimerApp.swift */; };
		F51257F1289661EF00DBB43B /* ContentView.swift in Sources */ = {isa = PBXBuildFile; fileRef = F51257F0289661EF00DBB43B /* ContentView.swift */; };
		F51257F3289661F000DBB43B /* Assets.xcassets in Resources */ = {isa = PBXBuildFile; fileRef = F51257F2289661F000DBB43B /* Assets.xcassets */; };
		F51257F6289661F000DBB43B /* Preview Assets.xcassets in Resources */ = {isa = PBXBuildFile; fileRef = F51257F5289661F000DBB43B /* Preview Assets.xcassets */; };
		F5125800289661F000DBB43B /* TimerTests.swift in Sources */ = {isa = PBXBuildFile; fileRef = F51257FF289661F000DBB43B /* TimerTests.swift */; };
		F512580A289661F000DBB43B /* TimerUITests.swift in Sources */ = {isa = PBXBuildFile; fileRef = F5125809289661F000DBB43B /* TimerUITests.swift */; };
		F512580C289661F000DBB43B /* TimerUITestsLaunchTests.swift in Sources */ = {isa = PBXBuildFile; fileRef = F512580B289661F000DBB43B /* TimerUITestsLaunchTests.swift */; };
		F512581B2896643600DBB43B /* TimePicker.swift in Sources */ = {isa = PBXBuildFile; fileRef = F512581A2896643600DBB43B /* TimePicker.swift */; };
		F5C729DE28AAAB2B00AAECCC /* SecondView.swift in Sources */ = {isa = PBXBuildFile; fileRef = F5C729DD28AAAB2B00AAECCC /* SecondView.swift */; };
/* End PBXBuildFile section */

/* Begin PBXContainerItemProxy section */
		F51257FC289661F000DBB43B /* PBXContainerItemProxy */ = {
			isa = PBXContainerItemProxy;
			containerPortal = F51257E3289661EF00DBB43B /* Project object */;
			proxyType = 1;
			remoteGlobalIDString = F51257EA289661EF00DBB43B;
			remoteInfo = Timer;
		};
		F5125806289661F000DBB43B /* PBXContainerItemProxy */ = {
			isa = PBXContainerItemProxy;
			containerPortal = F51257E3289661EF00DBB43B /* Project object */;
			proxyType = 1;
			remoteGlobalIDString = F51257EA289661EF00DBB43B;
			remoteInfo = Timer;
		};
/* End PBXContainerItemProxy section */

/* Begin PBXFileReference section */
		F51257EB289661EF00DBB43B /* Timer.app */ = {isa = PBXFileReference; explicitFileType = wrapper.application; includeInIndex = 0; path = Timer.app; sourceTree = BUILT_PRODUCTS_DIR; };
		F51257EE289661EF00DBB43B /* TimerApp.swift */ = {isa = PBXFileReference; lastKnownFileType = sourcecode.swift; path = TimerApp.swift; sourceTree = "<group>"; };
		F51257F0289661EF00DBB43B /* ContentView.swift */ = {isa = PBXFileReference; lastKnownFileType = sourcecode.swift; path = ContentView.swift; sourceTree = "<group>"; };
		F51257F2289661F000DBB43B /* Assets.xcassets */ = {isa = PBXFileReference; lastKnownFileType = folder.assetcatalog; path = Assets.xcassets; sourceTree = "<group>"; };
		F51257F5289661F000DBB43B /* Preview Assets.xcassets */ = {isa = PBXFileReference; lastKnownFileType = folder.assetcatalog; path = "Preview Assets.xcassets"; sourceTree = "<group>"; };
		F51257FB289661F000DBB43B /* TimerTests.xctest */ = {isa = PBXFileReference; explicitFileType = wrapper.cfbundle; includeInIndex = 0; path = TimerTests.xctest; sourceTree = BUILT_PRODUCTS_DIR; };
		F51257FF289661F000DBB43B /* TimerTests.swift */ = {isa = PBXFileReference; lastKnownFileType = sourcecode.swift; path = TimerTests.swift; sourceTree = "<group>"; };
		F5125805289661F000DBB43B /* TimerUITests.xctest */ = {isa = PBXFileReference; explicitFileType = wrapper.cfbundle; includeInIndex = 0; path = TimerUITests.xctest; sourceTree = BUILT_PRODUCTS_DIR; };
		F5125809289661F000DBB43B /* TimerUITests.swift */ = {isa = PBXFileReference; lastKnownFileType = sourcecode.swift; path = TimerUITests.swift; sourceTree = "<group>"; };
		F512580B289661F000DBB43B /* TimerUITestsLaunchTests.swift */ = {isa = PBXFileReference; lastKnownFileType = sourcecode.swift; path = TimerUITestsLaunchTests.swift; sourceTree = "<group>"; };
		F512581A2896643600DBB43B /* TimePicker.swift */ = {isa = PBXFileReference; lastKnownFileType = sourcecode.swift; path = TimePicker.swift; sourceTree = "<group>"; };
		F5C729DD28AAAB2B00AAECCC /* SecondView.swift */ = {isa = PBXFileReference; lastKnownFileType = sourcecode.swift; path = SecondView.swift; sourceTree = "<group>"; };
/* End PBXFileReference section */

/* Begin PBXFrameworksBuildPhase section */
		F51257E8289661EF00DBB43B /* Frameworks */ = {
			isa = PBXFrameworksBuildPhase;
			buildActionMask = 2147483647;
			files = (
			);
			runOnlyForDeploymentPostprocessing = 0;
		};
		F51257F8289661F000DBB43B /* Frameworks */ = {
			isa = PBXFrameworksBuildPhase;
			buildActionMask = 2147483647;
			files = (
			);
			runOnlyForDeploymentPostprocessing = 0;
		};
		F5125802289661F000DBB43B /* Frameworks */ = {
			isa = PBXFrameworksBuildPhase;
			buildActionMask = 2147483647;
			files = (
			);
			runOnlyForDeploymentPostprocessing = 0;
		};
/* End PBXFrameworksBuildPhase section */

/* Begin PBXGroup section */
		F51257E2289661EF00DBB43B = {
			isa = PBXGroup;
			children = (
				F51257ED289661EF00DBB43B /* Timer */,
				F51257FE289661F000DBB43B /* TimerTests */,
				F5125808289661F000DBB43B /* TimerUITests */,
				F51257EC289661EF00DBB43B /* Products */,
			);
			sourceTree = "<group>";
		};
		F51257EC289661EF00DBB43B /* Products */ = {
			isa = PBXGroup;
			children = (
				F51257EB289661EF00DBB43B /* Timer.app */,
				F51257FB289661F000DBB43B /* TimerTests.xctest */,
				F5125805289661F000DBB43B /* TimerUITests.xctest */,
			);
			name = Products;
			sourceTree = "<group>";
		};
		F51257ED289661EF00DBB43B /* Timer */ = {
			isa = PBXGroup;
			children = (
				F51257EE289661EF00DBB43B /* TimerApp.swift */,
				F51257F0289661EF00DBB43B /* ContentView.swift */,
				F5C729DD28AAAB2B00AAECCC /* SecondView.swift */,
				F51257F2289661F000DBB43B /* Assets.xcassets */,
				F51257F4289661F000DBB43B /* Preview Content */,
				F512581A2896643600DBB43B /* TimePicker.swift */,
			);
			path = Timer;
			sourceTree = "<group>";
		};
		F51257F4289661F000DBB43B /* Preview Content */ = {
			isa = PBXGroup;
			children = (
				F51257F5289661F000DBB43B /* Preview Assets.xcassets */,
			);
			path = "Preview Content";
			sourceTree = "<group>";
		};
		F51257FE289661F000DBB43B /* TimerTests */ = {
			isa = PBXGroup;
			children = (
				F51257FF289661F000DBB43B /* TimerTests.swift */,
			);
			path = TimerTests;
			sourceTree = "<group>";
		};
		F5125808289661F000DBB43B /* TimerUITests */ = {
			isa = PBXGroup;
			children = (
				F5125809289661F000DBB43B /* TimerUITests.swift */,
				F512580B289661F000DBB43B /* TimerUITestsLaunchTests.swift */,
			);
			path = TimerUITests;
			sourceTree = "<group>";
		};
/* End PBXGroup section */

/* Begin PBXNativeTarget section */
		F51257EA289661EF00DBB43B /* Timer */ = {
			isa = PBXNativeTarget;
			buildConfigurationList = F512580F289661F000DBB43B /* Build configuration list for PBXNativeTarget "Timer" */;
			buildPhases = (
				F51257E7289661EF00DBB43B /* Sources */,
				F51257E8289661EF00DBB43B /* Frameworks */,
				F51257E9289661EF00DBB43B /* Resources */,
			);
			buildRules = (
			);
			dependencies = (
			);
			name = Timer;
			productName = Timer;
			productReference = F51257EB289661EF00DBB43B /* Timer.app */;
			productType = "com.apple.product-type.application";
		};
		F51257FA289661F000DBB43B /* TimerTests */ = {
			isa = PBXNativeTarget;
			buildConfigurationList = F5125812289661F000DBB43B /* Build configuration list for PBXNativeTarget "TimerTests" */;
			buildPhases = (
				F51257F7289661F000DBB43B /* Sources */,
				F51257F8289661F000DBB43B /* Frameworks */,
				F51257F9289661F000DBB43B /* Resources */,
			);
			buildRules = (
			);
			dependencies = (
				F51257FD289661F000DBB43B /* PBXTargetDependency */,
			);
			name = TimerTests;
			productName = TimerTests;
			productReference = F51257FB289661F000DBB43B /* TimerTests.xctest */;
			productType = "com.apple.product-type.bundle.unit-test";
		};
		F5125804289661F000DBB43B /* TimerUITests */ = {
			isa = PBXNativeTarget;
			buildConfigurationList = F5125815289661F000DBB43B /* Build configuration list for PBXNativeTarget "TimerUITests" */;
			buildPhases = (
				F5125801289661F000DBB43B /* Sources */,
				F5125802289661F000DBB43B /* Frameworks */,
				F5125803289661F000DBB43B /* Resources */,
			);
			buildRules = (
			);
			dependencies = (
				F5125807289661F000DBB43B /* PBXTargetDependency */,
			);
			name = TimerUITests;
			productName = TimerUITests;
			productReference = F5125805289661F000DBB43B /* TimerUITests.xctest */;
			productType = "com.apple.product-type.bundle.ui-testing";
		};
/* End PBXNativeTarget section */

/* Begin PBXProject section */
		F51257E3289661EF00DBB43B /* Project object */ = {
			isa = PBXProject;
			attributes = {
				BuildIndependentTargetsInParallel = 1;
				LastSwiftUpdateCheck = 1340;
				LastUpgradeCheck = 1340;
				TargetAttributes = {
					F51257EA289661EF00DBB43B = {
						CreatedOnToolsVersion = 13.4.1;
					};
					F51257FA289661F000DBB43B = {
						CreatedOnToolsVersion = 13.4.1;
						TestTargetID = F51257EA289661EF00DBB43B;
					};
					F5125804289661F000DBB43B = {
						CreatedOnToolsVersion = 13.4.1;
						TestTargetID = F51257EA289661EF00DBB43B;
					};
				};
			};
			buildConfigurationList = F51257E6289661EF00DBB43B /* Build configuration list for PBXProject "Timer" */;
			compatibilityVersion = "Xcode 13.0";
			developmentRegion = en;
			hasScannedForEncodings = 0;
			knownRegions = (
				en,
				Base,
			);
			mainGroup = F51257E2289661EF00DBB43B;
			productRefGroup = F51257EC289661EF00DBB43B /* Products */;
			projectDirPath = "";
			projectRoot = "";
			targets = (
				F51257EA289661EF00DBB43B /* Timer */,
				F51257FA289661F000DBB43B /* TimerTests */,
				F5125804289661F000DBB43B /* TimerUITests */,
			);
		};
/* End PBXProject section */

/* Begin PBXResourcesBuildPhase section */
		F51257E9289661EF00DBB43B /* Resources */ = {
			isa = PBXResourcesBuildPhase;
			buildActionMask = 2147483647;
			files = (
				F51257F6289661F000DBB43B /* Preview Assets.xcassets in Resources */,
				F51257F3289661F000DBB43B /* Assets.xcassets in Resources */,
			);
			runOnlyForDeploymentPostprocessing = 0;
		};
		F51257F9289661F000DBB43B /* Resources */ = {
			isa = PBXResourcesBuildPhase;
			buildActionMask = 2147483647;
			files = (
			);
			runOnlyForDeploymentPostprocessing = 0;
		};
		F5125803289661F000DBB43B /* Resources */ = {
			isa = PBXResourcesBuildPhase;
			buildActionMask = 2147483647;
			files = (
			);
			runOnlyForDeploymentPostprocessing = 0;
		};
/* End PBXResourcesBuildPhase section */

/* Begin PBXSourcesBuildPhase section */
		F51257E7289661EF00DBB43B /* Sources */ = {
			isa = PBXSourcesBuildPhase;
			buildActionMask = 2147483647;
			files = (
				F512581B2896643600DBB43B /* TimePicker.swift in Sources */,
				F51257F1289661EF00DBB43B /* ContentView.swift in Sources */,
				F5C729DE28AAAB2B00AAECCC /* SecondView.swift in Sources */,
				F51257EF289661EF00DBB43B /* TimerApp.swift in Sources */,
			);
			runOnlyForDeploymentPostprocessing = 0;
		};
		F51257F7289661F000DBB43B /* Sources */ = {
			isa = PBXSourcesBuildPhase;
			buildActionMask = 2147483647;
			files = (
				F5125800289661F000DBB43B /* TimerTests.swift in Sources */,
			);
			runOnlyForDeploymentPostprocessing = 0;
		};
		F5125801289661F000DBB43B /* Sources */ = {
			isa = PBXSourcesBuildPhase;
			buildActionMask = 2147483647;
			files = (
				F512580C289661F000DBB43B /* TimerUITestsLaunchTests.swift in Sources */,
				F512580A289661F000DBB43B /* TimerUITests.swift in Sources */,
			);
			runOnlyForDeploymentPostprocessing = 0;
		};
/* End PBXSourcesBuildPhase section */

/* Begin PBXTargetDependency section */
		F51257FD289661F000DBB43B /* PBXTargetDependency */ = {
			isa = PBXTargetDependency;
			target = F51257EA289661EF00DBB43B /* Timer */;
			targetProxy = F51257FC289661F000DBB43B /* PBXContainerItemProxy */;
		};
		F5125807289661F000DBB43B /* PBXTargetDependency */ = {
			isa = PBXTargetDependency;
			target = F51257EA289661EF00DBB43B /* Timer */;
			targetProxy = F5125806289661F000DBB43B /* PBXContainerItemProxy */;
		};
/* End PBXTargetDependency section */

/* Begin XCBuildConfiguration section */
		F512580D289661F000DBB43B /* Debug */ = {
			isa = XCBuildConfiguration;
			buildSettings = {
				ALWAYS_SEARCH_USER_PATHS = NO;
				CLANG_ANALYZER_NONNULL = YES;
				CLANG_ANALYZER_NUMBER_OBJECT_CONVERSION = YES_AGGRESSIVE;
				CLANG_CXX_LANGUAGE_STANDARD = "gnu++17";
				CLANG_ENABLE_MODULES = YES;
				CLANG_ENABLE_OBJC_ARC = YES;
				CLANG_ENABLE_OBJC_WEAK = YES;
				CLANG_WARN_BLOCK_CAPTURE_AUTORELEASING = YES;
				CLANG_WARN_BOOL_CONVERSION = YES;
				CLANG_WARN_COMMA = YES;
				CLANG_WARN_CONSTANT_CONVERSION = YES;
				CLANG_WARN_DEPRECATED_OBJC_IMPLEMENTATIONS = YES;
				CLANG_WARN_DIRECT_OBJC_ISA_USAGE = YES_ERROR;
				CLANG_WARN_DOCUMENTATION_COMMENTS = YES;
				CLANG_WARN_EMPTY_BODY = YES;
				CLANG_WARN_ENUM_CONVERSION = YES;
				CLANG_WARN_INFINITE_RECURSION = YES;
				CLANG_WARN_INT_CONVERSION = YES;
				CLANG_WARN_NON_LITERAL_NULL_CONVERSION = YES;
				CLANG_WARN_OBJC_IMPLICIT_RETAIN_SELF = YES;
				CLANG_WARN_OBJC_LITERAL_CONVERSION = YES;
				CLANG_WARN_OBJC_ROOT_CLASS = YES_ERROR;
				CLANG_WARN_QUOTED_INCLUDE_IN_FRAMEWORK_HEADER = YES;
				CLANG_WARN_RANGE_LOOP_ANALYSIS = YES;
				CLANG_WARN_STRICT_PROTOTYPES = YES;
				CLANG_WARN_SUSPICIOUS_MOVE = YES;
				CLANG_WARN_UNGUARDED_AVAILABILITY = YES_AGGRESSIVE;
				CLANG_WARN_UNREACHABLE_CODE = YES;
				CLANG_WARN__DUPLICATE_METHOD_MATCH = YES;
				COPY_PHASE_STRIP = NO;
				DEBUG_INFORMATION_FORMAT = dwarf;
				ENABLE_STRICT_OBJC_MSGSEND = YES;
				ENABLE_TESTABILITY = YES;
				GCC_C_LANGUAGE_STANDARD = gnu11;
				GCC_DYNAMIC_NO_PIC = NO;
				GCC_NO_COMMON_BLOCKS = YES;
				GCC_OPTIMIZATION_LEVEL = 0;
				GCC_PREPROCESSOR_DEFINITIONS = (
					"DEBUG=1",
					"$(inherited)",
				);
				GCC_WARN_64_TO_32_BIT_CONVERSION = YES;
				GCC_WARN_ABOUT_RETURN_TYPE = YES_ERROR;
				GCC_WARN_UNDECLARED_SELECTOR = YES;
				GCC_WARN_UNINITIALIZED_AUTOS = YES_AGGRESSIVE;
				GCC_WARN_UNUSED_FUNCTION = YES;
				GCC_WARN_UNUSED_VARIABLE = YES;
				IPHONEOS_DEPLOYMENT_TARGET = 15.5;
				MTL_ENABLE_DEBUG_INFO = INCLUDE_SOURCE;
				MTL_FAST_MATH = YES;
				ONLY_ACTIVE_ARCH = YES;
				SDKROOT = iphoneos;
				SWIFT_ACTIVE_COMPILATION_CONDITIONS = DEBUG;
				SWIFT_OPTIMIZATION_LEVEL = "-Onone";
			};
			name = Debug;
		};
		F512580E289661F000DBB43B /* Release */ = {
			isa = XCBuildConfiguration;
			buildSettings = {
				ALWAYS_SEARCH_USER_PATHS = NO;
				CLANG_ANALYZER_NONNULL = YES;
				CLANG_ANALYZER_NUMBER_OBJECT_CONVERSION = YES_AGGRESSIVE;
				CLANG_CXX_LANGUAGE_STANDARD = "gnu++17";
				CLANG_ENABLE_MODULES = YES;
				CLANG_ENABLE_OBJC_ARC = YES;
				CLANG_ENABLE_OBJC_WEAK = YES;
				CLANG_WARN_BLOCK_CAPTURE_AUTORELEASING = YES;
				CLANG_WARN_BOOL_CONVERSION = YES;
				CLANG_WARN_COMMA = YES;
				CLANG_WARN_CONSTANT_CONVERSION = YES;
				CLANG_WARN_DEPRECATED_OBJC_IMPLEMENTATIONS = YES;
				CLANG_WARN_DIRECT_OBJC_ISA_USAGE = YES_ERROR;
				CLANG_WARN_DOCUMENTATION_COMMENTS = YES;
				CLANG_WARN_EMPTY_BODY = YES;
				CLANG_WARN_ENUM_CONVERSION = YES;
				CLANG_WARN_INFINITE_RECURSION = YES;
				CLANG_WARN_INT_CONVERSION = YES;
				CLANG_WARN_NON_LITERAL_NULL_CONVERSION = YES;
				CLANG_WARN_OBJC_IMPLICIT_RETAIN_SELF = YES;
				CLANG_WARN_OBJC_LITERAL_CONVERSION = YES;
				CLANG_WARN_OBJC_ROOT_CLASS = YES_ERROR;
				CLANG_WARN_QUOTED_INCLUDE_IN_FRAMEWORK_HEADER = YES;
				CLANG_WARN_RANGE_LOOP_ANALYSIS = YES;
				CLANG_WARN_STRICT_PROTOTYPES = YES;
				CLANG_WARN_SUSPICIOUS_MOVE = YES;
				CLANG_WARN_UNGUARDED_AVAILABILITY = YES_AGGRESSIVE;
				CLANG_WARN_UNREACHABLE_CODE = YES;
				CLANG_WARN__DUPLICATE_METHOD_MATCH = YES;
				COPY_PHASE_STRIP = NO;
				DEBUG_INFORMATION_FORMAT = "dwarf-with-dsym";
				ENABLE_NS_ASSERTIONS = NO;
				ENABLE_STRICT_OBJC_MSGSEND = YES;
				GCC_C_LANGUAGE_STANDARD = gnu11;
				GCC_NO_COMMON_BLOCKS = YES;
				GCC_WARN_64_TO_32_BIT_CONVERSION = YES;
				GCC_WARN_ABOUT_RETURN_TYPE = YES_ERROR;
				GCC_WARN_UNDECLARED_SELECTOR = YES;
				GCC_WARN_UNINITIALIZED_AUTOS = YES_AGGRESSIVE;
				GCC_WARN_UNUSED_FUNCTION = YES;
				GCC_WARN_UNUSED_VARIABLE = YES;
				IPHONEOS_DEPLOYMENT_TARGET = 15.5;
				MTL_ENABLE_DEBUG_INFO = NO;
				MTL_FAST_MATH = YES;
				SDKROOT = iphoneos;
				SWIFT_COMPILATION_MODE = wholemodule;
				SWIFT_OPTIMIZATION_LEVEL = "-O";
				VALIDATE_PRODUCT = YES;
			};
			name = Release;
		};
		F5125810289661F000DBB43B /* Debug */ = {
			isa = XCBuildConfiguration;
			buildSettings = {
				ASSETCATALOG_COMPILER_APPICON_NAME = AppIcon;
				ASSETCATALOG_COMPILER_GLOBAL_ACCENT_COLOR_NAME = AccentColor;
				CODE_SIGN_STYLE = Automatic;
				CURRENT_PROJECT_VERSION = 1;
				DEVELOPMENT_ASSET_PATHS = "\"Timer/Preview Content\"";
				DEVELOPMENT_TEAM = 98SU2Q86QQ;
				ENABLE_PREVIEWS = YES;
				GENERATE_INFOPLIST_FILE = YES;
				INFOPLIST_KEY_UIApplicationSceneManifest_Generation = YES;
				INFOPLIST_KEY_UIApplicationSupportsIndirectInputEvents = YES;
				INFOPLIST_KEY_UILaunchScreen_Generation = YES;
				INFOPLIST_KEY_UISupportedInterfaceOrientations_iPad = "UIInterfaceOrientationPortrait UIInterfaceOrientationPortraitUpsideDown UIInterfaceOrientationLandscapeLeft UIInterfaceOrientationLandscapeRight";
				INFOPLIST_KEY_UISupportedInterfaceOrientations_iPhone = "UIInterfaceOrientationPortrait UIInterfaceOrientationLandscapeLeft UIInterfaceOrientationLandscapeRight";
				LD_RUNPATH_SEARCH_PATHS = (
					"$(inherited)",
					"@executable_path/Frameworks",
				);
				MARKETING_VERSION = 1.0;
				PRODUCT_BUNDLE_IDENTIFIER = sample.Timer;
				PRODUCT_NAME = "$(TARGET_NAME)";
				SWIFT_EMIT_LOC_STRINGS = YES;
				SWIFT_VERSION = 5.0;
				TARGETED_DEVICE_FAMILY = "1,2";
			};
			name = Debug;
		};
		F5125811289661F000DBB43B /* Release */ = {
			isa = XCBuildConfiguration;
			buildSettings = {
				ASSETCATALOG_COMPILER_APPICON_NAME = AppIcon;
				ASSETCATALOG_COMPILER_GLOBAL_ACCENT_COLOR_NAME = AccentColor;
				CODE_SIGN_STYLE = Automatic;
				CURRENT_PROJECT_VERSION = 1;
				DEVELOPMENT_ASSET_PATHS = "\"Timer/Preview Content\"";
				DEVELOPMENT_TEAM = 98SU2Q86QQ;
				ENABLE_PREVIEWS = YES;
				GENERATE_INFOPLIST_FILE = YES;
				INFOPLIST_KEY_UIApplicationSceneManifest_Generation = YES;
				INFOPLIST_KEY_UIApplicationSupportsIndirectInputEvents = YES;
				INFOPLIST_KEY_UILaunchScreen_Generation = YES;
				INFOPLIST_KEY_UISupportedInterfaceOrientations_iPad = "UIInterfaceOrientationPortrait UIInterfaceOrientationPortraitUpsideDown UIInterfaceOrientationLandscapeLeft UIInterfaceOrientationLandscapeRight";
				INFOPLIST_KEY_UISupportedInterfaceOrientations_iPhone = "UIInterfaceOrientationPortrait UIInterfaceOrientationLandscapeLeft UIInterfaceOrientationLandscapeRight";
				LD_RUNPATH_SEARCH_PATHS = (
					"$(inherited)",
					"@executable_path/Frameworks",
				);
				MARKETING_VERSION = 1.0;
				PRODUCT_BUNDLE_IDENTIFIER = sample.Timer;
				PRODUCT_NAME = "$(TARGET_NAME)";
				SWIFT_EMIT_LOC_STRINGS = YES;
				SWIFT_VERSION = 5.0;
				TARGETED_DEVICE_FAMILY = "1,2";
			};
			name = Release;
		};
		F5125813289661F000DBB43B /* Debug */ = {
			isa = XCBuildConfiguration;
			buildSettings = {
				ALWAYS_EMBED_SWIFT_STANDARD_LIBRARIES = YES;
				BUNDLE_LOADER = "$(TEST_HOST)";
				CODE_SIGN_STYLE = Automatic;
				CURRENT_PROJECT_VERSION = 1;
				DEVELOPMENT_TEAM = 98SU2Q86QQ;
				GENERATE_INFOPLIST_FILE = YES;
				IPHONEOS_DEPLOYMENT_TARGET = 15.5;
				MARKETING_VERSION = 1.0;
				PRODUCT_BUNDLE_IDENTIFIER = sample.TimerTests;
				PRODUCT_NAME = "$(TARGET_NAME)";
				SWIFT_EMIT_LOC_STRINGS = NO;
				SWIFT_VERSION = 5.0;
				TARGETED_DEVICE_FAMILY = "1,2";
				TEST_HOST = "$(BUILT_PRODUCTS_DIR)/Timer.app/Timer";
			};
			name = Debug;
		};
		F5125814289661F000DBB43B /* Release */ = {
			isa = XCBuildConfiguration;
			buildSettings = {
				ALWAYS_EMBED_SWIFT_STANDARD_LIBRARIES = YES;
				BUNDLE_LOADER = "$(TEST_HOST)";
				CODE_SIGN_STYLE = Automatic;
				CURRENT_PROJECT_VERSION = 1;
				DEVELOPMENT_TEAM = 98SU2Q86QQ;
				GENERATE_INFOPLIST_FILE = YES;
				IPHONEOS_DEPLOYMENT_TARGET = 15.5;
				MARKETING_VERSION = 1.0;
				PRODUCT_BUNDLE_IDENTIFIER = sample.TimerTests;
				PRODUCT_NAME = "$(TARGET_NAME)";
				SWIFT_EMIT_LOC_STRINGS = NO;
				SWIFT_VERSION = 5.0;
				TARGETED_DEVICE_FAMILY = "1,2";
				TEST_HOST = "$(BUILT_PRODUCTS_DIR)/Timer.app/Timer";
			};
			name = Release;
		};
		F5125816289661F000DBB43B /* Debug */ = {
			isa = XCBuildConfiguration;
			buildSettings = {
				ALWAYS_EMBED_SWIFT_STANDARD_LIBRARIES = YES;
				CODE_SIGN_STYLE = Automatic;
				CURRENT_PROJECT_VERSION = 1;
				DEVELOPMENT_TEAM = 98SU2Q86QQ;
				GENERATE_INFOPLIST_FILE = YES;
				MARKETING_VERSION = 1.0;
				PRODUCT_BUNDLE_IDENTIFIER = sample.TimerUITests;
				PRODUCT_NAME = "$(TARGET_NAME)";
				SWIFT_EMIT_LOC_STRINGS = NO;
				SWIFT_VERSION = 5.0;
				TARGETED_DEVICE_FAMILY = "1,2";
				TEST_TARGET_NAME = Timer;
			};
			name = Debug;
		};
		F5125817289661F000DBB43B /* Release */ = {
			isa = XCBuildConfiguration;
			buildSettings = {
				ALWAYS_EMBED_SWIFT_STANDARD_LIBRARIES = YES;
				CODE_SIGN_STYLE = Automatic;
				CURRENT_PROJECT_VERSION = 1;
				DEVELOPMENT_TEAM = 98SU2Q86QQ;
				GENERATE_INFOPLIST_FILE = YES;
				MARKETING_VERSION = 1.0;
				PRODUCT_BUNDLE_IDENTIFIER = sample.TimerUITests;
				PRODUCT_NAME = "$(TARGET_NAME)";
				SWIFT_EMIT_LOC_STRINGS = NO;
				SWIFT_VERSION = 5.0;
				TARGETED_DEVICE_FAMILY = "1,2";
				TEST_TARGET_NAME = Timer;
			};
			name = Release;
		};
/* End XCBuildConfiguration section */

/* Begin XCConfigurationList section */
		F51257E6289661EF00DBB43B /* Build configuration list for PBXProject "Timer" */ = {
			isa = XCConfigurationList;
			buildConfigurations = (
				F512580D289661F000DBB43B /* Debug */,
				F512580E289661F000DBB43B /* Release */,
			);
			defaultConfigurationIsVisible = 0;
			defaultConfigurationName = Release;
		};
		F512580F289661F000DBB43B /* Build configuration list for PBXNativeTarget "Timer" */ = {
			isa = XCConfigurationList;
			buildConfigurations = (
				F5125810289661F000DBB43B /* Debug */,
				F5125811289661F000DBB43B /* Release */,
			);
			defaultConfigurationIsVisible = 0;
			defaultConfigurationName = Release;
		};
		F5125812289661F000DBB43B /* Build configuration list for PBXNativeTarget "TimerTests" */ = {
			isa = XCConfigurationList;
			buildConfigurations = (
				F5125813289661F000DBB43B /* Debug */,
				F5125814289661F000DBB43B /* Release */,
			);
			defaultConfigurationIsVisible = 0;
			defaultConfigurationName = Release;
		};
		F5125815289661F000DBB43B /* Build configuration list for PBXNativeTarget "TimerUITests" */ = {
			isa = XCConfigurationList;
			buildConfigurations = (
				F5125816289661F000DBB43B /* Debug */,
				F5125817289661F000DBB43B /* Release */,
			);
			defaultConfigurationIsVisible = 0;
			defaultConfigurationName = Release;
		};
/* End XCConfigurationList section */
	};
	rootObject = F51257E3289661EF00DBB43B /* Project object */;
}
